
Microsoft Visual Studio Solution File, Format Version 12.00
# Visual Studio 2013
VisualStudioVersion = 12.0.31101.0
MinimumVisualStudioVersion = 10.0.40219.1
Project("{FAE04EC0-301F-11D3-BF4B-00C04F79EFBC}") = "PL_BookShop", "PL_BookShop\PL_BookShop.csproj", "{60FA05F3-89B5-4276-B338-62E57DF600BA}"
EndProject
Project("{FAE04EC0-301F-11D3-BF4B-00C04F79EFBC}") = "BL_BookShop", "BL_BookShop\BL_BookShop.csproj", "{194AC828-21DF-415E-B4C9-869496AB6815}"
EndProject
Project("{FAE04EC0-301F-11D3-BF4B-00C04F79EFBC}") = "DA_BookShop", "DA_BookShop\DA_BookShop.csproj", "{69ECD173-0BCE-4AEA-A7D6-4783B7D30D2D}"
EndProject
Project("{FAE04EC0-301F-11D3-BF4B-00C04F79EFBC}") = "EL_BookShop", "EL_BookShop\EL_BookShop.csproj", "{D465B89F-E400-4FA2-B37B-F8D69604EFB0}"
EndProject
Global
	GlobalSection(SolutionConfigurationPlatforms) = preSolution
		Debug|Any CPU = Debug|Any CPU
		Release|Any CPU = Release|Any CPU
	EndGlobalSection
	GlobalSection(ProjectConfigurationPlatforms) = postSolution
		{60FA05F3-89B5-4276-B338-62E57DF600BA}.Debug|Any CPU.ActiveCfg = Debug|Any CPU
		{60FA05F3-89B5-4276-B338-62E57DF600BA}.Debug|Any CPU.Build.0 = Debug|Any CPU
		{60FA05F3-89B5-4276-B338-62E57DF600BA}.Release|Any CPU.ActiveCfg = Release|Any CPU
		{60FA05F3-89B5-4276-B338-62E57DF600BA}.Release|Any CPU.Build.0 = Release|Any CPU
		{194AC828-21DF-415E-B4C9-869496AB6815}.Debug|Any CPU.ActiveCfg = Debug|Any CPU
		{194AC828-21DF-415E-B4C9-869496AB6815}.Debug|Any CPU.Build.0 = Debug|Any CPU
		{194AC828-21DF-415E-B4C9-869496AB6815}.Release|Any CPU.ActiveCfg = Release|Any CPU
		{194AC828-21DF-415E-B4C9-869496AB6815}.Release|Any CPU.Build.0 = Release|Any CPU
		{69ECD173-0BCE-4AEA-A7D6-4783B7D30D2D}.Debug|Any CPU.ActiveCfg = Debug|Any CPU
		{69ECD173-0BCE-4AEA-A7D6-4783B7D30D2D}.Debug|Any CPU.Build.0 = Debug|Any CPU
		{69ECD173-0BCE-4AEA-A7D6-4783B7D30D2D}.Release|Any CPU.ActiveCfg = Release|Any CPU
		{69ECD173-0BCE-4AEA-A7D6-4783B7D30D2D}.Release|Any CPU.Build.0 = Release|Any CPU
		{D465B89F-E400-4FA2-B37B-F8D69604EFB0}.Debug|Any CPU.ActiveCfg = Debug|Any CPU
		{D465B89F-E400-4FA2-B37B-F8D69604EFB0}.Debug|Any CPU.Build.0 = Debug|Any CPU
		{D465B89F-E400-4FA2-B37B-F8D69604EFB0}.Release|Any CPU.ActiveCfg = Release|Any CPU
		{D465B89F-E400-4FA2-B37B-F8D69604EFB0}.Release|Any CPU.Build.0 = Release|Any CPU
	EndGlobalSection
	GlobalSection(SolutionProperties) = preSolution
		HideSolutionNode = FALSE
	EndGlobalSection
EndGlobal
